// !$*UTF8*$!
{
	archiveVersion = 1;
	classes = {
	};
	objectVersion = 46;
	objects = {

/* Begin PBXBuildFile section */
		63B468CA1A3470590060575B /* main.m in Sources */ = {isa = PBXBuildFile; fileRef = 63B468C91A3470590060575B /* main.m */; };
		63B468CD1A3470590060575B /* AppDelegate.m in Sources */ = {isa = PBXBuildFile; fileRef = 63B468CC1A3470590060575B /* AppDelegate.m */; };
		63B468CF1A3470590060575B /* Images.xcassets in Resources */ = {isa = PBXBuildFile; fileRef = 63B468CE1A3470590060575B /* Images.xcassets */; };
		63B468D21A3470590060575B /* LaunchScreen.xib in Resources */ = {isa = PBXBuildFile; fileRef = 63B468D01A3470590060575B /* LaunchScreen.xib */; };
		63B468DE1A34705A0060575B /* SancalMusicTests.m in Sources */ = {isa = PBXBuildFile; fileRef = 63B468DD1A34705A0060575B /* SancalMusicTests.m */; };
/* End PBXBuildFile section */

/* Begin PBXContainerItemProxy section */
		63B468D81A34705A0060575B /* PBXContainerItemProxy */ = {
			isa = PBXContainerItemProxy;
			containerPortal = 63B468BC1A3470590060575B /* Project object */;
			proxyType = 1;
			remoteGlobalIDString = 63B468C31A3470590060575B;
			remoteInfo = SancalMusic;
		};
/* End PBXContainerItemProxy section */

/* Begin PBXFileReference section */
		63B468C41A3470590060575B /* SancalMusic.app */ = {isa = PBXFileReference; explicitFileType = wrapper.application; includeInIndex = 0; path = SancalMusic.app; sourceTree = BUILT_PRODUCTS_DIR; };
		63B468C81A3470590060575B /* Info.plist */ = {isa = PBXFileReference; lastKnownFileType = text.plist.xml; path = Info.plist; sourceTree = "<group>"; };
		63B468C91A3470590060575B /* main.m */ = {isa = PBXFileReference; lastKnownFileType = sourcecode.c.objc; path = main.m; sourceTree = "<group>"; };
		63B468CB1A3470590060575B /* AppDelegate.h */ = {isa = PBXFileReference; lastKnownFileType = sourcecode.c.h; path = AppDelegate.h; sourceTree = "<group>"; };
		63B468CC1A3470590060575B /* AppDelegate.m */ = {isa = PBXFileReference; lastKnownFileType = sourcecode.c.objc; path = AppDelegate.m; sourceTree = "<group>"; };
		63B468CE1A3470590060575B /* Images.xcassets */ = {isa = PBXFileReference; lastKnownFileType = folder.assetcatalog; path = Images.xcassets; sourceTree = "<group>"; };
		63B468D11A3470590060575B /* Base */ = {isa = PBXFileReference; lastKnownFileType = file.xib; name = Base; path = Base.lproj/LaunchScreen.xib; sourceTree = "<group>"; };
		63B468D71A34705A0060575B /* SancalMusicTests.xctest */ = {isa = PBXFileReference; explicitFileType = wrapper.cfbundle; includeInIndex = 0; path = SancalMusicTests.xctest; sourceTree = BUILT_PRODUCTS_DIR; };
		63B468DC1A34705A0060575B /* Info.plist */ = {isa = PBXFileReference; lastKnownFileType = text.plist.xml; path = Info.plist; sourceTree = "<group>"; };
		63B468DD1A34705A0060575B /* SancalMusicTests.m */ = {isa = PBXFileReference; lastKnownFileType = sourcecode.c.objc; path = SancalMusicTests.m; sourceTree = "<group>"; };
/* End PBXFileReference section */

/* Begin PBXFrameworksBuildPhase section */
		63B468C11A3470590060575B /* Frameworks */ = {
			isa = PBXFrameworksBuildPhase;
			buildActionMask = 2147483647;
			files = (
			);
			runOnlyForDeploymentPostprocessing = 0;
		};
		63B468D41A34705A0060575B /* Frameworks */ = {
			isa = PBXFrameworksBuildPhase;
			buildActionMask = 2147483647;
			files = (
			);
			runOnlyForDeploymentPostprocessing = 0;
		};
/* End PBXFrameworksBuildPhase section */

/* Begin PBXGroup section */
		63B468BB1A3470590060575B = {
			isa = PBXGroup;
			children = (
				63B468C61A3470590060575B /* SancalMusic */,
				63B468DA1A34705A0060575B /* SancalMusicTests */,
				63B468C51A3470590060575B /* Products */,
			);
			sourceTree = "<group>";
		};
		63B468C51A3470590060575B /* Products */ = {
			isa = PBXGroup;
			children = (
				63B468C41A3470590060575B /* SancalMusic.app */,
				63B468D71A34705A0060575B /* SancalMusicTests.xctest */,
			);
			name = Products;
			sourceTree = "<group>";
		};
		63B468C61A3470590060575B /* SancalMusic */ = {
			isa = PBXGroup;
			children = (
				63B468CB1A3470590060575B /* AppDelegate.h */,
				63B468CC1A3470590060575B /* AppDelegate.m */,
				63B468CE1A3470590060575B /* Images.xcassets */,
				63B468D01A3470590060575B /* LaunchScreen.xib */,
				63B468C71A3470590060575B /* Supporting Files */,
			);
			path = SancalMusic;
			sourceTree = "<group>";
		};
		63B468C71A3470590060575B /* Supporting Files */ = {
			isa = PBXGroup;
			children = (
				63B468C81A3470590060575B /* Info.plist */,
				63B468C91A3470590060575B /* main.m */,
			);
			name = "Supporting Files";
			sourceTree = "<group>";
		};
		63B468DA1A34705A0060575B /* SancalMusicTests */ = {
			isa = PBXGroup;
			children = (
				63B468DD1A34705A0060575B /* SancalMusicTests.m */,
				63B468DB1A34705A0060575B /* Supporting Files */,
			);
			path = SancalMusicTests;
			sourceTree = "<group>";
		};
		63B468DB1A34705A0060575B /* Supporting Files */ = {
			isa = PBXGroup;
			children = (
				63B468DC1A34705A0060575B /* Info.plist */,
			);
			name = "Supporting Files";
			sourceTree = "<group>";
		};
/* End PBXGroup section */

/* Begin PBXNativeTarget section */
		63B468C31A3470590060575B /* SancalMusic */ = {
			isa = PBXNativeTarget;
			buildConfigurationList = 63B468E11A34705A0060575B /* Build configuration list for PBXNativeTarget "SancalMusic" */;
			buildPhases = (
				63B468C01A3470590060575B /* Sources */,
				63B468C11A3470590060575B /* Frameworks */,
				63B468C21A3470590060575B /* Resources */,
			);
			buildRules = (
			);
			dependencies = (
			);
			name = SancalMusic;
			productName = SancalMusic;
			productReference = 63B468C41A3470590060575B /* SancalMusic.app */;
			productType = "com.apple.product-type.application";
		};
		63B468D61A34705A0060575B /* SancalMusicTests */ = {
			isa = PBXNativeTarget;
			buildConfigurationList = 63B468E41A34705A0060575B /* Build configuration list for PBXNativeTarget "SancalMusicTests" */;
			buildPhases = (
				63B468D31A34705A0060575B /* Sources */,
				63B468D41A34705A0060575B /* Frameworks */,
				63B468D51A34705A0060575B /* Resources */,
			);
			buildRules = (
			);
			dependencies = (
				63B468D91A34705A0060575B /* PBXTargetDependency */,
			);
			name = SancalMusicTests;
			productName = SancalMusicTests;
			productReference = 63B468D71A34705A0060575B /* SancalMusicTests.xctest */;
			productType = "com.apple.product-type.bundle.unit-test";
		};
/* End PBXNativeTarget section */

/* Begin PBXProject section */
		63B468BC1A3470590060575B /* Project object */ = {
			isa = PBXProject;
			attributes = {
				LastUpgradeCheck = 0610;
				ORGANIZATIONNAME = iCologic;
				TargetAttributes = {
					63B468C31A3470590060575B = {
						CreatedOnToolsVersion = 6.1;
					};
					63B468D61A34705A0060575B = {
						CreatedOnToolsVersion = 6.1;
						TestTargetID = 63B468C31A3470590060575B;
					};
				};
			};
			buildConfigurationList = 63B468BF1A3470590060575B /* Build configuration list for PBXProject "SancalMusic" */;
			compatibilityVersion = "Xcode 3.2";
			developmentRegion = English;
			hasScannedForEncodings = 0;
			knownRegions = (
				en,
				Base,
			);
			mainGroup = 63B468BB1A3470590060575B;
			productRefGroup = 63B468C51A3470590060575B /* Products */;
			projectDirPath = "";
			projectRoot = "";
			targets = (
				63B468C31A3470590060575B /* SancalMusic */,
				63B468D61A34705A0060575B /* SancalMusicTests */,
			);
		};
/* End PBXProject section */

/* Begin PBXResourcesBuildPhase section */
		63B468C21A3470590060575B /* Resources */ = {
			isa = PBXResourcesBuildPhase;
			buildActionMask = 2147483647;
			files = (
				63B468D21A3470590060575B /* LaunchScreen.xib in Resources */,
				63B468CF1A3470590060575B /* Images.xcassets in Resources */,
			);
			runOnlyForDeploymentPostprocessing = 0;
		};
		63B468D51A34705A0060575B /* Resources */ = {
			isa = PBXResourcesBuildPhase;
			buildActionMask = 2147483647;
			files = (
			);
			runOnlyForDeploymentPostprocessing = 0;
		};
/* End PBXResourcesBuildPhase section */

/* Begin PBXSourcesBuildPhase section */
		63B468C01A3470590060575B /* Sources */ = {
			isa = PBXSourcesBuildPhase;
			buildActionMask = 2147483647;
			files = (
				63B468CD1A3470590060575B /* AppDelegate.m in Sources */,
				63B468CA1A3470590060575B /* main.m in Sources */,
			);
			runOnlyForDeploymentPostprocessing = 0;
		};
		63B468D31A34705A0060575B /* Sources */ = {
			isa = PBXSourcesBuildPhase;
			buildActionMask = 2147483647;
			files = (
				63B468DE1A34705A0060575B /* SancalMusicTests.m in Sources */,
			);
			runOnlyForDeploymentPostprocessing = 0;
		};
/* End PBXSourcesBuildPhase section */

/* Begin PBXTargetDependency section */
		63B468D91A34705A0060575B /* PBXTargetDependency */ = {
			isa = PBXTargetDependency;
			target = 63B468C31A3470590060575B /* SancalMusic */;
			targetProxy = 63B468D81A34705A0060575B /* PBXContainerItemProxy */;
		};
/* End PBXTargetDependency section */

/* Begin PBXVariantGroup section */
		63B468D01A3470590060575B /* LaunchScreen.xib */ = {
			isa = PBXVariantGroup;
			children = (
				63B468D11A3470590060575B /* Base */,
			);
			name = LaunchScreen.xib;
			sourceTree = "<group>";
		};
/* End PBXVariantGroup section */

/* Begin XCBuildConfiguration section */
		63B468DF1A34705A0060575B /* Debug */ = {
			isa = XCBuildConfiguration;
			buildSettings = {
				ALWAYS_SEARCH_USER_PATHS = NO;
				CLANG_CXX_LANGUAGE_STANDARD = "gnu++0x";
				CLANG_CXX_LIBRARY = "libc++";
				CLANG_ENABLE_MODULES = YES;
				CLANG_ENABLE_OBJC_ARC = YES;
				CLANG_WARN_BOOL_CONVERSION = YES;
				CLANG_WARN_CONSTANT_CONVERSION = YES;
				CLANG_WARN_DIRECT_OBJC_ISA_USAGE = YES_ERROR;
				CLANG_WARN_EMPTY_BODY = YES;
				CLANG_WARN_ENUM_CONVERSION = YES;
				CLANG_WARN_INT_CONVERSION = YES;
				CLANG_WARN_OBJC_ROOT_CLASS = YES_ERROR;
				CLANG_WARN_UNREACHABLE_CODE = YES;
				CLANG_WARN__DUPLICATE_METHOD_MATCH = YES;
				"CODE_SIGN_IDENTITY[sdk=iphoneos*]" = "iPhone Developer";
				COPY_PHASE_STRIP = NO;
				ENABLE_STRICT_OBJC_MSGSEND = YES;
				GCC_C_LANGUAGE_STANDARD = gnu99;
				GCC_DYNAMIC_NO_PIC = NO;
				GCC_OPTIMIZATION_LEVEL = 0;
				GCC_PREPROCESSOR_DEFINITIONS = (
					"DEBUG=1",
					"$(inherited)",
				);
				GCC_SYMBOLS_PRIVATE_EXTERN = NO;
				GCC_WARN_64_TO_32_BIT_CONVERSION = YES;
				GCC_WARN_ABOUT_RETURN_TYPE = YES_ERROR;
				GCC_WARN_UNDECLARED_SELECTOR = YES;
				GCC_WARN_UNINITIALIZED_AUTOS = YES_AGGRESSIVE;
				GCC_WARN_UNUSED_FUNCTION = YES;
				GCC_WARN_UNUSED_VARIABLE = YES;
				IPHONEOS_DEPLOYMENT_TARGET = 8.1;
				MTL_ENABLE_DEBUG_INFO = YES;
				ONLY_ACTIVE_ARCH = YES;
				SDKROOT = iphoneos;
			};
			name = Debug;
		};
		63B468E01A34705A0060575B /* Release */ = {
			isa = XCBuildConfiguration;
			buildSettings = {
				ALWAYS_SEARCH_USER_PATHS = NO;
				CLANG_CXX_LANGUAGE_STANDARD = "gnu++0x";
				CLANG_CXX_LIBRARY = "libc++";
				CLANG_ENABLE_MODULES = YES;
				CLANG_ENABLE_OBJC_ARC = YES;
				CLANG_WARN_BOOL_CONVERSION = YES;
				CLANG_WARN_CONSTANT_CONVERSION = YES;
				CLANG_WARN_DIRECT_OBJC_ISA_USAGE = YES_ERROR;
				CLANG_WARN_EMPTY_BODY = YES;
				CLANG_WARN_ENUM_CONVERSION = YES;
				CLANG_WARN_INT_CONVERSION = YES;
				CLANG_WARN_OBJC_ROOT_CLASS = YES_ERROR;
				CLANG_WARN_UNREACHABLE_CODE = YES;
				CLANG_WARN__DUPLICATE_METHOD_MATCH = YES;
				"CODE_SIGN_IDENTITY[sdk=iphoneos*]" = "iPhone Developer";
				COPY_PHASE_STRIP = YES;
				ENABLE_NS_ASSERTIONS = NO;
				ENABLE_STRICT_OBJC_MSGSEND = YES;
				GCC_C_LANGUAGE_STANDARD = gnu99;
				GCC_WARN_64_TO_32_BIT_CONVERSION = YES;
				GCC_WARN_ABOUT_RETURN_TYPE = YES_ERROR;
				GCC_WARN_UNDECLARED_SELECTOR = YES;
				GCC_WARN_UNINITIALIZED_AUTOS = YES_AGGRESSIVE;
				GCC_WARN_UNUSED_FUNCTION = YES;
				GCC_WARN_UNUSED_VARIABLE = YES;
				IPHONEOS_DEPLOYMENT_TARGET = 8.1;
				MTL_ENABLE_DEBUG_INFO = NO;
				SDKROOT = iphoneos;
				VALIDATE_PRODUCT = YES;
			};
			name = Release;
		};
		63B468E21A34705A0060575B /* Debug */ = {
			isa = XCBuildConfiguration;
			buildSettings = {
				ASSETCATALOG_COMPILER_APPICON_NAME = AppIcon;
				INFOPLIST_FILE = SancalMusic/Info.plist;
				LD_RUNPATH_SEARCH_PATHS = "$(inherited) @executable_path/Frameworks";
				PRODUCT_NAME = "$(TARGET_NAME)";
			};
			name = Debug;
		};
		63B468E31A34705A0060575B /* Release */ = {
			isa = XCBuildConfiguration;
			buildSettings = {
				ASSETCATALOG_COMPILER_APPICON_NAME = AppIcon;
				INFOPLIST_FILE = SancalMusic/Info.plist;
				LD_RUNPATH_SEARCH_PATHS = "$(inherited) @executable_path/Frameworks";
				PRODUCT_NAME = "$(TARGET_NAME)";
			};
			name = Release;
		};
		63B468E51A34705A0060575B /* Debug */ = {
			isa = XCBuildConfiguration;
			buildSettings = {
				BUNDLE_LOADER = "$(TEST_HOST)";
				FRAMEWORK_SEARCH_PATHS = (
					"$(SDKROOT)/Developer/Library/Frameworks",
					"$(inherited)",
				);
				GCC_PREPROCESSOR_DEFINITIONS = (
					"DEBUG=1",
					"$(inherited)",
				);
				INFOPLIST_FILE = SancalMusicTests/Info.plist;
				LD_RUNPATH_SEARCH_PATHS = "$(inherited) @executable_path/Frameworks @loader_path/Frameworks";
				PRODUCT_NAME = "$(TARGET_NAME)";
				TEST_HOST = "$(BUILT_PRODUCTS_DIR)/SancalMusic.app/SancalMusic";
			};
			name = Debug;
		};
		63B468E61A34705A0060575B /* Release */ = {
			isa = XCBuildConfiguration;
			buildSettings = {
				BUNDLE_LOADER = "$(TEST_HOST)";
				FRAMEWORK_SEARCH_PATHS = (
					"$(SDKROOT)/Developer/Library/Frameworks",
					"$(inherited)",
				);
				INFOPLIST_FILE = SancalMusicTests/Info.plist;
				LD_RUNPATH_SEARCH_PATHS = "$(inherited) @executable_path/Frameworks @loader_path/Frameworks";
				PRODUCT_NAME = "$(TARGET_NAME)";
				TEST_HOST = "$(BUILT_PRODUCTS_DIR)/SancalMusic.app/SancalMusic";
			};
			name = Release;
		};
/* End XCBuildConfiguration section */

/* Begin XCConfigurationList section */
		63B468BF1A3470590060575B /* Build configuration list for PBXProject "SancalMusic" */ = {
			isa = XCConfigurationList;
			buildConfigurations = (
				63B468DF1A34705A0060575B /* Debug */,
				63B468E01A34705A0060575B /* Release */,
			);
			defaultConfigurationIsVisible = 0;
			defaultConfigurationName = Release;
		};
		63B468E11A34705A0060575B /* Build configuration list for PBXNativeTarget "SancalMusic" */ = {
			isa = XCConfigurationList;
			buildConfigurations = (
				63B468E21A34705A0060575B /* Debug */,
				63B468E31A34705A0060575B /* Release */,
			);
			defaultConfigurationIsVisible = 0;
		};
		63B468E41A34705A0060575B /* Build configuration list for PBXNativeTarget "SancalMusicTests" */ = {
			isa = XCConfigurationList;
			buildConfigurations = (
				63B468E51A34705A0060575B /* Debug */,
				63B468E61A34705A0060575B /* Release */,
			);
			defaultConfigurationIsVisible = 0;
		};
/* End XCConfigurationList section */
	};
	rootObject = 63B468BC1A3470590060575B /* Project object */;
}
